
Microsoft Visual Studio Solution File, Format Version 12.00
# Visual Studio Version 16
VisualStudioVersion = 16.0.30413.136
MinimumVisualStudioVersion = 10.0.40219.1
Project("{FAE04EC0-301F-11D3-BF4B-00C04F79EFBC}") = "HelloWorld", "HelloWorld\HelloWorld.csproj", "{FFCB122E-A413-41EA-A8B7-F5C7314601AD}"
EndProject
Global
	GlobalSection(SolutionConfigurationPlatforms) = preSolution
		Debug|Any CPU = Debug|Any CPU
		Release|Any CPU = Release|Any CPU
	EndGlobalSection
	GlobalSection(ProjectConfigurationPlatforms) = postSolution
		{FFCB122E-A413-41EA-A8B7-F5C7314601AD}.Debug|Any CPU.ActiveCfg = Debug|Any CPU
		{FFCB122E-A413-41EA-A8B7-F5C7314601AD}.Debug|Any CPU.Build.0 = Debug|Any CPU
		{FFCB122E-A413-41EA-A8B7-F5C7314601AD}.Release|Any CPU.ActiveCfg = Release|Any CPU
		{FFCB122E-A413-41EA-A8B7-F5C7314601AD}.Release|Any CPU.Build.0 = Release|Any CPU
	EndGlobalSection
	GlobalSection(SolutionProperties) = preSolution
		HideSolutionNode = FALSE
	EndGlobalSection
	GlobalSection(ExtensibilityGlobals) = postSolution
		SolutionGuid = {F0DC33AB-7CAA-479C-A765-AEE030C98174}
	EndGlobalSection
EndGlobal
